
Microsoft Visual Studio Solution File, Format Version 12.00
# Visual Studio 15
Project("{FAE04EC0-301F-11D3-BF4B-00C04F79EFBC}") = "MazeShooter", "NavMeshComponentsExamples.csproj", "{913EF61D-D632-EF1C-1963-BED9C3E6182B}"
EndProject
Project("{FAE04EC0-301F-11D3-BF4B-00C04F79EFBC}") = "MazeShooter", "NavMeshComponents.csproj", "{464A00EF-6A8E-B5D0-C2ED-B9E441D82785}"
EndProject
Project("{FAE04EC0-301F-11D3-BF4B-00C04F79EFBC}") = "MazeShooter", "Assembly-CSharp-firstpass.csproj", "{8D9E74B1-CDDB-4A09-8E9F-DEE2CA61017F}"
EndProject
Project("{FAE04EC0-301F-11D3-BF4B-00C04F79EFBC}") = "MazeShooter", "NavMeshComponentsPlaymodeTests.csproj", "{4533038F-BF64-5B04-40EF-94CE99BD43EA}"
EndProject
Project("{FAE04EC0-301F-11D3-BF4B-00C04F79EFBC}") = "MazeShooter", "Assembly-CSharp.csproj", "{4A0E230A-53AD-5BC1-5226-E92EDDDAF273}"
EndProject
Project("{FAE04EC0-301F-11D3-BF4B-00C04F79EFBC}") = "MazeShooter", "Assembly-CSharp-Editor-firstpass.csproj", "{7A9E5240-0C4A-F898-62F3-D170CF171F3B}"
EndProject
Project("{FAE04EC0-301F-11D3-BF4B-00C04F79EFBC}") = "MazeShooter", "NavMeshComponentsEditor.csproj", "{E559A568-3D97-88F7-ED7E-7378B769EA91}"
EndProject
Project("{FAE04EC0-301F-11D3-BF4B-00C04F79EFBC}") = "MazeShooter", "NavMeshComponentsExamplesEditor.csproj", "{4EF7DBD8-1237-03B5-278E-D6693E46B2F2}"
EndProject
Global
	GlobalSection(SolutionConfigurationPlatforms) = preSolution
		Debug|Any CPU = Debug|Any CPU
		Release|Any CPU = Release|Any CPU
	EndGlobalSection
	GlobalSection(ProjectConfigurationPlatforms) = postSolution
		{913EF61D-D632-EF1C-1963-BED9C3E6182B}.Debug|Any CPU.ActiveCfg = Debug|Any CPU
		{913EF61D-D632-EF1C-1963-BED9C3E6182B}.Debug|Any CPU.Build.0 = Debug|Any CPU
		{913EF61D-D632-EF1C-1963-BED9C3E6182B}.Release|Any CPU.ActiveCfg = Release|Any CPU
		{913EF61D-D632-EF1C-1963-BED9C3E6182B}.Release|Any CPU.Build.0 = Release|Any CPU
		{464A00EF-6A8E-B5D0-C2ED-B9E441D82785}.Debug|Any CPU.ActiveCfg = Debug|Any CPU
		{464A00EF-6A8E-B5D0-C2ED-B9E441D82785}.Debug|Any CPU.Build.0 = Debug|Any CPU
		{464A00EF-6A8E-B5D0-C2ED-B9E441D82785}.Release|Any CPU.ActiveCfg = Release|Any CPU
		{464A00EF-6A8E-B5D0-C2ED-B9E441D82785}.Release|Any CPU.Build.0 = Release|Any CPU
		{8D9E74B1-CDDB-4A09-8E9F-DEE2CA61017F}.Debug|Any CPU.ActiveCfg = Debug|Any CPU
		{8D9E74B1-CDDB-4A09-8E9F-DEE2CA61017F}.Debug|Any CPU.Build.0 = Debug|Any CPU
		{8D9E74B1-CDDB-4A09-8E9F-DEE2CA61017F}.Release|Any CPU.ActiveCfg = Release|Any CPU
		{8D9E74B1-CDDB-4A09-8E9F-DEE2CA61017F}.Release|Any CPU.Build.0 = Release|Any CPU
		{4533038F-BF64-5B04-40EF-94CE99BD43EA}.Debug|Any CPU.ActiveCfg = Debug|Any CPU
		{4533038F-BF64-5B04-40EF-94CE99BD43EA}.Debug|Any CPU.Build.0 = Debug|Any CPU
		{4533038F-BF64-5B04-40EF-94CE99BD43EA}.Release|Any CPU.ActiveCfg = Release|Any CPU
		{4533038F-BF64-5B04-40EF-94CE99BD43EA}.Release|Any CPU.Build.0 = Release|Any CPU
		{4A0E230A-53AD-5BC1-5226-E92EDDDAF273}.Debug|Any CPU.ActiveCfg = Debug|Any CPU
		{4A0E230A-53AD-5BC1-5226-E92EDDDAF273}.Debug|Any CPU.Build.0 = Debug|Any CPU
		{4A0E230A-53AD-5BC1-5226-E92EDDDAF273}.Release|Any CPU.ActiveCfg = Release|Any CPU
		{4A0E230A-53AD-5BC1-5226-E92EDDDAF273}.Release|Any CPU.Build.0 = Release|Any CPU
		{7A9E5240-0C4A-F898-62F3-D170CF171F3B}.Debug|Any CPU.ActiveCfg = Debug|Any CPU
		{7A9E5240-0C4A-F898-62F3-D170CF171F3B}.Debug|Any CPU.Build.0 = Debug|Any CPU
		{7A9E5240-0C4A-F898-62F3-D170CF171F3B}.Release|Any CPU.ActiveCfg = Release|Any CPU
		{7A9E5240-0C4A-F898-62F3-D170CF171F3B}.Release|Any CPU.Build.0 = Release|Any CPU
		{E559A568-3D97-88F7-ED7E-7378B769EA91}.Debug|Any CPU.ActiveCfg = Debug|Any CPU
		{E559A568-3D97-88F7-ED7E-7378B769EA91}.Debug|Any CPU.Build.0 = Debug|Any CPU
		{E559A568-3D97-88F7-ED7E-7378B769EA91}.Release|Any CPU.ActiveCfg = Release|Any CPU
		{E559A568-3D97-88F7-ED7E-7378B769EA91}.Release|Any CPU.Build.0 = Release|Any CPU
		{4EF7DBD8-1237-03B5-278E-D6693E46B2F2}.Debug|Any CPU.ActiveCfg = Debug|Any CPU
		{4EF7DBD8-1237-03B5-278E-D6693E46B2F2}.Debug|Any CPU.Build.0 = Debug|Any CPU
		{4EF7DBD8-1237-03B5-278E-D6693E46B2F2}.Release|Any CPU.ActiveCfg = Release|Any CPU
		{4EF7DBD8-1237-03B5-278E-D6693E46B2F2}.Release|Any CPU.Build.0 = Release|Any CPU
	EndGlobalSection
	GlobalSection(SolutionProperties) = preSolution
		HideSolutionNode = FALSE
	EndGlobalSection
EndGlobal
